
Microsoft Visual Studio Solution File, Format Version 12.00
# Visual Studio 14
VisualStudioVersion = 14.0.23107.0
MinimumVisualStudioVersion = 14.0.23107.0
Project("{2150E333-8FDC-42A3-9474-1A3956D46DE8}") = "FirstPersonShooter", "FirstPersonShooter", "{A9C7A1A3-C38B-4E7A-9227-EF9BD263B2E8}"
	ProjectSection(SiliconStudioPackage) = preProject
		FirstPersonShooter/FirstPersonShooter.xkpkg = FirstPersonShooter/FirstPersonShooter.xkpkg
	EndProjectSection
EndProject
Project("{FAE04EC0-301F-11D3-BF4B-00C04F79EFBC}") = "FirstPersonShooter.Windows", "FirstPersonShooter\FirstPersonShooter.Windows\FirstPersonShooter.Windows.csproj", "{0E2A4739-B43E-4F15-8EEE-28883A0BB363}"
EndProject
Project("{FAE04EC0-301F-11D3-BF4B-00C04F79EFBC}") = "FirstPersonShooter.Game", "FirstPersonShooter\FirstPersonShooter.Game\FirstPersonShooter.Game.csproj", "{4C9816E5-4E6C-493E-B1C1-4D3DF88283B9}"
EndProject
Global
	GlobalSection(SolutionConfigurationPlatforms) = preSolution
		AppStore|Any CPU = AppStore|Any CPU
		AppStore|Mixed Platforms = AppStore|Mixed Platforms
		AppStore|Windows = AppStore|Windows
		CoreCLR_Debug|Any CPU = CoreCLR_Debug|Any CPU
		CoreCLR_Debug|Mixed Platforms = CoreCLR_Debug|Mixed Platforms
		CoreCLR_Debug|Windows = CoreCLR_Debug|Windows
		CoreCLR_Release|Any CPU = CoreCLR_Release|Any CPU
		CoreCLR_Release|Mixed Platforms = CoreCLR_Release|Mixed Platforms
		CoreCLR_Release|Windows = CoreCLR_Release|Windows
		Debug|Any CPU = Debug|Any CPU
		Debug|Mixed Platforms = Debug|Mixed Platforms
		Debug|Windows = Debug|Windows
		Release|Any CPU = Release|Any CPU
		Release|Mixed Platforms = Release|Mixed Platforms
		Release|Windows = Release|Windows
		Testing|Any CPU = Testing|Any CPU
		Testing|Mixed Platforms = Testing|Mixed Platforms
		Testing|Windows = Testing|Windows
	EndGlobalSection
	GlobalSection(ProjectConfigurationPlatforms) = postSolution
		{0E2A4739-B43E-4F15-8EEE-28883A0BB363}.AppStore|Any CPU.ActiveCfg = AppStore|Any CPU
		{0E2A4739-B43E-4F15-8EEE-28883A0BB363}.AppStore|Any CPU.Build.0 = AppStore|Any CPU
		{0E2A4739-B43E-4F15-8EEE-28883A0BB363}.AppStore|Any CPU.Deploy.0 = AppStore|Any CPU
		{0E2A4739-B43E-4F15-8EEE-28883A0BB363}.AppStore|Mixed Platforms.ActiveCfg = AppStore|Any CPU
		{0E2A4739-B43E-4F15-8EEE-28883A0BB363}.AppStore|Mixed Platforms.Build.0 = AppStore|Any CPU
		{0E2A4739-B43E-4F15-8EEE-28883A0BB363}.AppStore|Mixed Platforms.Deploy.0 = AppStore|Any CPU
		{0E2A4739-B43E-4F15-8EEE-28883A0BB363}.AppStore|Windows.ActiveCfg = AppStore|Any CPU
		{0E2A4739-B43E-4F15-8EEE-28883A0BB363}.AppStore|Windows.Build.0 = AppStore|Any CPU
		{0E2A4739-B43E-4F15-8EEE-28883A0BB363}.AppStore|Windows.Deploy.0 = AppStore|Any CPU
		{0E2A4739-B43E-4F15-8EEE-28883A0BB363}.CoreCLR_Debug|Any CPU.ActiveCfg = CoreCLR_Debug|Any CPU
		{0E2A4739-B43E-4F15-8EEE-28883A0BB363}.CoreCLR_Debug|Any CPU.Build.0 = CoreCLR_Debug|Any CPU
		{0E2A4739-B43E-4F15-8EEE-28883A0BB363}.CoreCLR_Debug|Any CPU.Deploy.0 = CoreCLR_Debug|Any CPU
		{0E2A4739-B43E-4F15-8EEE-28883A0BB363}.CoreCLR_Debug|Mixed Platforms.ActiveCfg = CoreCLR_Debug|Any CPU
		{0E2A4739-B43E-4F15-8EEE-28883A0BB363}.CoreCLR_Debug|Mixed Platforms.Build.0 = CoreCLR_Debug|Any CPU
		{0E2A4739-B43E-4F15-8EEE-28883A0BB363}.CoreCLR_Debug|Mixed Platforms.Deploy.0 = CoreCLR_Debug|Any CPU
		{0E2A4739-B43E-4F15-8EEE-28883A0BB363}.CoreCLR_Debug|Windows.ActiveCfg = CoreCLR_Debug|Any CPU
		{0E2A4739-B43E-4F15-8EEE-28883A0BB363}.CoreCLR_Debug|Windows.Build.0 = CoreCLR_Debug|Any CPU
		{0E2A4739-B43E-4F15-8EEE-28883A0BB363}.CoreCLR_Debug|Windows.Deploy.0 = CoreCLR_Debug|Any CPU
		{0E2A4739-B43E-4F15-8EEE-28883A0BB363}.CoreCLR_Release|Any CPU.ActiveCfg = CoreCLR_Release|Any CPU
		{0E2A4739-B43E-4F15-8EEE-28883A0BB363}.CoreCLR_Release|Any CPU.Build.0 = CoreCLR_Release|Any CPU
		{0E2A4739-B43E-4F15-8EEE-28883A0BB363}.CoreCLR_Release|Any CPU.Deploy.0 = CoreCLR_Release|Any CPU
		{0E2A4739-B43E-4F15-8EEE-28883A0BB363}.CoreCLR_Release|Mixed Platforms.ActiveCfg = CoreCLR_Release|Any CPU
		{0E2A4739-B43E-4F15-8EEE-28883A0BB363}.CoreCLR_Release|Mixed Platforms.Build.0 = CoreCLR_Release|Any CPU
		{0E2A4739-B43E-4F15-8EEE-28883A0BB363}.CoreCLR_Release|Mixed Platforms.Deploy.0 = CoreCLR_Release|Any CPU
		{0E2A4739-B43E-4F15-8EEE-28883A0BB363}.CoreCLR_Release|Windows.ActiveCfg = CoreCLR_Release|Any CPU
		{0E2A4739-B43E-4F15-8EEE-28883A0BB363}.CoreCLR_Release|Windows.Build.0 = CoreCLR_Release|Any CPU
		{0E2A4739-B43E-4F15-8EEE-28883A0BB363}.CoreCLR_Release|Windows.Deploy.0 = CoreCLR_Release|Any CPU
		{0E2A4739-B43E-4F15-8EEE-28883A0BB363}.Debug|Any CPU.ActiveCfg = Debug|Any CPU
		{0E2A4739-B43E-4F15-8EEE-28883A0BB363}.Debug|Any CPU.Build.0 = Debug|Any CPU
		{0E2A4739-B43E-4F15-8EEE-28883A0BB363}.Debug|Any CPU.Deploy.0 = Debug|Any CPU
		{0E2A4739-B43E-4F15-8EEE-28883A0BB363}.Debug|Mixed Platforms.ActiveCfg = Debug|Any CPU
		{0E2A4739-B43E-4F15-8EEE-28883A0BB363}.Debug|Mixed Platforms.Build.0 = Debug|Any CPU
		{0E2A4739-B43E-4F15-8EEE-28883A0BB363}.Debug|Mixed Platforms.Deploy.0 = Debug|Any CPU
		{0E2A4739-B43E-4F15-8EEE-28883A0BB363}.Debug|Windows.ActiveCfg = Debug|Any CPU
		{0E2A4739-B43E-4F15-8EEE-28883A0BB363}.Debug|Windows.Build.0 = Debug|Any CPU
		{0E2A4739-B43E-4F15-8EEE-28883A0BB363}.Debug|Windows.Deploy.0 = Debug|Any CPU
		{0E2A4739-B43E-4F15-8EEE-28883A0BB363}.Release|Any CPU.ActiveCfg = Release|Any CPU
		{0E2A4739-B43E-4F15-8EEE-28883A0BB363}.Release|Any CPU.Build.0 = Release|Any CPU
		{0E2A4739-B43E-4F15-8EEE-28883A0BB363}.Release|Any CPU.Deploy.0 = Release|Any CPU
		{0E2A4739-B43E-4F15-8EEE-28883A0BB363}.Release|Mixed Platforms.ActiveCfg = Release|Any CPU
		{0E2A4739-B43E-4F15-8EEE-28883A0BB363}.Release|Mixed Platforms.Build.0 = Release|Any CPU
		{0E2A4739-B43E-4F15-8EEE-28883A0BB363}.Release|Mixed Platforms.Deploy.0 = Release|Any CPU
		{0E2A4739-B43E-4F15-8EEE-28883A0BB363}.Release|Windows.ActiveCfg = Release|Any CPU
		{0E2A4739-B43E-4F15-8EEE-28883A0BB363}.Release|Windows.Build.0 = Release|Any CPU
		{0E2A4739-B43E-4F15-8EEE-28883A0BB363}.Release|Windows.Deploy.0 = Release|Any CPU
		{0E2A4739-B43E-4F15-8EEE-28883A0BB363}.Testing|Any CPU.ActiveCfg = Testing|Any CPU
		{0E2A4739-B43E-4F15-8EEE-28883A0BB363}.Testing|Any CPU.Build.0 = Testing|Any CPU
		{0E2A4739-B43E-4F15-8EEE-28883A0BB363}.Testing|Any CPU.Deploy.0 = Testing|Any CPU
		{0E2A4739-B43E-4F15-8EEE-28883A0BB363}.Testing|Mixed Platforms.ActiveCfg = Testing|Any CPU
		{0E2A4739-B43E-4F15-8EEE-28883A0BB363}.Testing|Mixed Platforms.Build.0 = Testing|Any CPU
		{0E2A4739-B43E-4F15-8EEE-28883A0BB363}.Testing|Mixed Platforms.Deploy.0 = Testing|Any CPU
		{0E2A4739-B43E-4F15-8EEE-28883A0BB363}.Testing|Windows.ActiveCfg = Testing|Any CPU
		{0E2A4739-B43E-4F15-8EEE-28883A0BB363}.Testing|Windows.Build.0 = Testing|Any CPU
		{0E2A4739-B43E-4F15-8EEE-28883A0BB363}.Testing|Windows.Deploy.0 = Testing|Any CPU
		{4C9816E5-4E6C-493E-B1C1-4D3DF88283B9}.AppStore|Any CPU.ActiveCfg = AppStore|Any CPU
		{4C9816E5-4E6C-493E-B1C1-4D3DF88283B9}.AppStore|Any CPU.Build.0 = AppStore|Any CPU
		{4C9816E5-4E6C-493E-B1C1-4D3DF88283B9}.AppStore|Mixed Platforms.ActiveCfg = AppStore|Any CPU
		{4C9816E5-4E6C-493E-B1C1-4D3DF88283B9}.AppStore|Mixed Platforms.Build.0 = AppStore|Any CPU
		{4C9816E5-4E6C-493E-B1C1-4D3DF88283B9}.AppStore|Windows.ActiveCfg = AppStore|Any CPU
		{4C9816E5-4E6C-493E-B1C1-4D3DF88283B9}.AppStore|Windows.Build.0 = AppStore|Any CPU
		{4C9816E5-4E6C-493E-B1C1-4D3DF88283B9}.CoreCLR_Debug|Any CPU.ActiveCfg = CoreCLR_Debug|Any CPU
		{4C9816E5-4E6C-493E-B1C1-4D3DF88283B9}.CoreCLR_Debug|Any CPU.Build.0 = CoreCLR_Debug|Any CPU
		{4C9816E5-4E6C-493E-B1C1-4D3DF88283B9}.CoreCLR_Debug|Mixed Platforms.ActiveCfg = CoreCLR_Debug|Any CPU
		{4C9816E5-4E6C-493E-B1C1-4D3DF88283B9}.CoreCLR_Debug|Mixed Platforms.Build.0 = CoreCLR_Debug|Any CPU
		{4C9816E5-4E6C-493E-B1C1-4D3DF88283B9}.CoreCLR_Debug|Windows.ActiveCfg = CoreCLR_Debug|Any CPU
		{4C9816E5-4E6C-493E-B1C1-4D3DF88283B9}.CoreCLR_Debug|Windows.Build.0 = CoreCLR_Debug|Any CPU
		{4C9816E5-4E6C-493E-B1C1-4D3DF88283B9}.CoreCLR_Release|Any CPU.ActiveCfg = CoreCLR_Release|Any CPU
		{4C9816E5-4E6C-493E-B1C1-4D3DF88283B9}.CoreCLR_Release|Any CPU.Build.0 = CoreCLR_Release|Any CPU
		{4C9816E5-4E6C-493E-B1C1-4D3DF88283B9}.CoreCLR_Release|Mixed Platforms.ActiveCfg = CoreCLR_Release|Any CPU
		{4C9816E5-4E6C-493E-B1C1-4D3DF88283B9}.CoreCLR_Release|Mixed Platforms.Build.0 = CoreCLR_Release|Any CPU
		{4C9816E5-4E6C-493E-B1C1-4D3DF88283B9}.CoreCLR_Release|Windows.ActiveCfg = CoreCLR_Release|Any CPU
		{4C9816E5-4E6C-493E-B1C1-4D3DF88283B9}.CoreCLR_Release|Windows.Build.0 = CoreCLR_Release|Any CPU
		{4C9816E5-4E6C-493E-B1C1-4D3DF88283B9}.Debug|Any CPU.ActiveCfg = Debug|Any CPU
		{4C9816E5-4E6C-493E-B1C1-4D3DF88283B9}.Debug|Any CPU.Build.0 = Debug|Any CPU
		{4C9816E5-4E6C-493E-B1C1-4D3DF88283B9}.Debug|Mixed Platforms.ActiveCfg = Debug|Any CPU
		{4C9816E5-4E6C-493E-B1C1-4D3DF88283B9}.Debug|Mixed Platforms.Build.0 = Debug|Any CPU
		{4C9816E5-4E6C-493E-B1C1-4D3DF88283B9}.Debug|Windows.ActiveCfg = Debug|Any CPU
		{4C9816E5-4E6C-493E-B1C1-4D3DF88283B9}.Debug|Windows.Build.0 = Debug|Any CPU
		{4C9816E5-4E6C-493E-B1C1-4D3DF88283B9}.Release|Any CPU.ActiveCfg = Release|Any CPU
		{4C9816E5-4E6C-493E-B1C1-4D3DF88283B9}.Release|Any CPU.Build.0 = Release|Any CPU
		{4C9816E5-4E6C-493E-B1C1-4D3DF88283B9}.Release|Mixed Platforms.ActiveCfg = Release|Any CPU
		{4C9816E5-4E6C-493E-B1C1-4D3DF88283B9}.Release|Mixed Platforms.Build.0 = Release|Any CPU
		{4C9816E5-4E6C-493E-B1C1-4D3DF88283B9}.Release|Windows.ActiveCfg = Release|Any CPU
		{4C9816E5-4E6C-493E-B1C1-4D3DF88283B9}.Release|Windows.Build.0 = Release|Any CPU
		{4C9816E5-4E6C-493E-B1C1-4D3DF88283B9}.Testing|Any CPU.ActiveCfg = Testing|Any CPU
		{4C9816E5-4E6C-493E-B1C1-4D3DF88283B9}.Testing|Any CPU.Build.0 = Testing|Any CPU
		{4C9816E5-4E6C-493E-B1C1-4D3DF88283B9}.Testing|Mixed Platforms.ActiveCfg = Testing|Any CPU
		{4C9816E5-4E6C-493E-B1C1-4D3DF88283B9}.Testing|Mixed Platforms.Build.0 = Testing|Any CPU
		{4C9816E5-4E6C-493E-B1C1-4D3DF88283B9}.Testing|Windows.ActiveCfg = Testing|Any CPU
		{4C9816E5-4E6C-493E-B1C1-4D3DF88283B9}.Testing|Windows.Build.0 = Testing|Any CPU
	EndGlobalSection
	GlobalSection(NestedProjects) = preSolution
		{0E2A4739-B43E-4F15-8EEE-28883A0BB363} = {A9C7A1A3-C38B-4E7A-9227-EF9BD263B2E8}
		{4C9816E5-4E6C-493E-B1C1-4D3DF88283B9} = {A9C7A1A3-C38B-4E7A-9227-EF9BD263B2E8}
	EndGlobalSection
EndGlobal
